// !$*UTF8*$!
{
	archiveVersion = 1;
	classes = {
	};
	objectVersion = 46;
	objects = {

/* Begin PBXBuildFile section */
		071A8244164E2BC0004F1697 /* favicon_48x48.png in Resources */ = {isa = PBXBuildFile; fileRef = 071A8243164E2BC0004F1697 /* favicon_48x48.png */; };
		071A8248164E2D23004F1697 /* UserLoginViewController.m in Sources */ = {isa = PBXBuildFile; fileRef = 071A8246164E2D23004F1697 /* UserLoginViewController.m */; };
		071A8249164E2D23004F1697 /* UserLoginViewController.xib in Resources */ = {isa = PBXBuildFile; fileRef = 071A8247164E2D23004F1697 /* UserLoginViewController.xib */; };
		0757D5BB164A99A1006CF0BE /* ASIDataCompressor.m in Sources */ = {isa = PBXBuildFile; fileRef = 0757D5AA164A99A1006CF0BE /* ASIDataCompressor.m */; };
		0757D5BC164A99A1006CF0BE /* ASIDataDecompressor.m in Sources */ = {isa = PBXBuildFile; fileRef = 0757D5AC164A99A1006CF0BE /* ASIDataDecompressor.m */; };
		0757D5BD164A99A1006CF0BE /* ASIDownloadCache.m in Sources */ = {isa = PBXBuildFile; fileRef = 0757D5AE164A99A1006CF0BE /* ASIDownloadCache.m */; };
		0757D5BE164A99A1006CF0BE /* ASIFormDataRequest.m in Sources */ = {isa = PBXBuildFile; fileRef = 0757D5B0164A99A1006CF0BE /* ASIFormDataRequest.m */; };
		0757D5BF164A99A1006CF0BE /* ASIHTTPRequest.m in Sources */ = {isa = PBXBuildFile; fileRef = 0757D5B2164A99A1006CF0BE /* ASIHTTPRequest.m */; };
		0757D5C0164A99A1006CF0BE /* ASIInputStream.m in Sources */ = {isa = PBXBuildFile; fileRef = 0757D5B6164A99A1006CF0BE /* ASIInputStream.m */; };
		0757D5C1164A99A1006CF0BE /* ASINetworkQueue.m in Sources */ = {isa = PBXBuildFile; fileRef = 0757D5B8164A99A1006CF0BE /* ASINetworkQueue.m */; };
		0757D5C6164A9A08006CF0BE /* libz.dylib in Frameworks */ = {isa = PBXBuildFile; fileRef = 0757D5C5164A9A08006CF0BE /* libz.dylib */; };
		0757D5C7164A9A8C006CF0BE /* Foundation.framework in Frameworks */ = {isa = PBXBuildFile; fileRef = 079696561647556F00842CB5 /* Foundation.framework */; };
		0757D5C9164A9B0E006CF0BE /* SystemConfiguration.framework in Frameworks */ = {isa = PBXBuildFile; fileRef = 0757D5C8164A9B0E006CF0BE /* SystemConfiguration.framework */; };
		0757D5CB164A9B28006CF0BE /* CoreServices.framework in Frameworks */ = {isa = PBXBuildFile; fileRef = 0757D5CA164A9B28006CF0BE /* CoreServices.framework */; };
		0757D5E6164AA778006CF0BE /* NSObject+SBJson.m in Sources */ = {isa = PBXBuildFile; fileRef = 0757D5CE164AA778006CF0BE /* NSObject+SBJson.m */; };
		0757D5E7164AA778006CF0BE /* SBJsonParser.m in Sources */ = {isa = PBXBuildFile; fileRef = 0757D5D1164AA778006CF0BE /* SBJsonParser.m */; };
		0757D5E8164AA778006CF0BE /* SBJsonStreamParser.m in Sources */ = {isa = PBXBuildFile; fileRef = 0757D5D3164AA778006CF0BE /* SBJsonStreamParser.m */; };
		0757D5E9164AA778006CF0BE /* SBJsonStreamParserAccumulator.m in Sources */ = {isa = PBXBuildFile; fileRef = 0757D5D5164AA778006CF0BE /* SBJsonStreamParserAccumulator.m */; };
		0757D5EA164AA778006CF0BE /* SBJsonStreamParserAdapter.m in Sources */ = {isa = PBXBuildFile; fileRef = 0757D5D7164AA778006CF0BE /* SBJsonStreamParserAdapter.m */; };
		0757D5EB164AA778006CF0BE /* SBJsonStreamParserState.m in Sources */ = {isa = PBXBuildFile; fileRef = 0757D5D9164AA778006CF0BE /* SBJsonStreamParserState.m */; };
		0757D5EC164AA778006CF0BE /* SBJsonStreamWriter.m in Sources */ = {isa = PBXBuildFile; fileRef = 0757D5DB164AA778006CF0BE /* SBJsonStreamWriter.m */; };
		0757D5ED164AA778006CF0BE /* SBJsonStreamWriterAccumulator.m in Sources */ = {isa = PBXBuildFile; fileRef = 0757D5DD164AA778006CF0BE /* SBJsonStreamWriterAccumulator.m */; };
		0757D5EE164AA778006CF0BE /* SBJsonStreamWriterState.m in Sources */ = {isa = PBXBuildFile; fileRef = 0757D5DF164AA778006CF0BE /* SBJsonStreamWriterState.m */; };
		0757D5EF164AA778006CF0BE /* SBJsonTokeniser.m in Sources */ = {isa = PBXBuildFile; fileRef = 0757D5E1164AA778006CF0BE /* SBJsonTokeniser.m */; };
		0757D5F0164AA778006CF0BE /* SBJsonUTF8Stream.m in Sources */ = {isa = PBXBuildFile; fileRef = 0757D5E3164AA778006CF0BE /* SBJsonUTF8Stream.m */; };
		0757D5F1164AA778006CF0BE /* SBJsonWriter.m in Sources */ = {isa = PBXBuildFile; fileRef = 0757D5E5164AA778006CF0BE /* SBJsonWriter.m */; };
		077848AA164EAE32008A9F34 /* DownloadViewController.m in Sources */ = {isa = PBXBuildFile; fileRef = 077848A8164EAE32008A9F34 /* DownloadViewController.m */; };
		077848AB164EAE32008A9F34 /* DownloadViewController.xib in Resources */ = {isa = PBXBuildFile; fileRef = 077848A9164EAE32008A9F34 /* DownloadViewController.xib */; };
		079696521647556F00842CB5 /* Cocoa.framework in Frameworks */ = {isa = PBXBuildFile; fileRef = 079696511647556F00842CB5 /* Cocoa.framework */; };
		0796965C1647556F00842CB5 /* InfoPlist.strings in Resources */ = {isa = PBXBuildFile; fileRef = 0796965A1647556F00842CB5 /* InfoPlist.strings */; };
		0796965E1647556F00842CB5 /* main.m in Sources */ = {isa = PBXBuildFile; fileRef = 0796965D1647556F00842CB5 /* main.m */; };
		079696621647556F00842CB5 /* Credits.rtf in Resources */ = {isa = PBXBuildFile; fileRef = 079696601647556F00842CB5 /* Credits.rtf */; };
		079696651647556F00842CB5 /* AppDelegate.m in Sources */ = {isa = PBXBuildFile; fileRef = 079696641647556F00842CB5 /* AppDelegate.m */; };
		079696681647556F00842CB5 /* MainMenu.xib in Resources */ = {isa = PBXBuildFile; fileRef = 079696661647556F00842CB5 /* MainMenu.xib */; };
		07998652164B96E400332D2D /* dbLikelistFetch.m in Sources */ = {isa = PBXBuildFile; fileRef = 07998651164B96E400332D2D /* dbLikelistFetch.m */; };
		07A6F70D164E6E180009CFDD /* UserInfoViewController.m in Sources */ = {isa = PBXBuildFile; fileRef = 07A6F70B164E6E180009CFDD /* UserInfoViewController.m */; };
		07A6F70E164E6E180009CFDD /* UserInfoViewController.xib in Resources */ = {isa = PBXBuildFile; fileRef = 07A6F70C164E6E180009CFDD /* UserInfoViewController.xib */; };
		07A6F713164E76BE0009CFDD /* SongListViewController.m in Sources */ = {isa = PBXBuildFile; fileRef = 07A6F711164E76BE0009CFDD /* SongListViewController.m */; };
		07A6F714164E76BE0009CFDD /* SongListViewController.xib in Resources */ = {isa = PBXBuildFile; fileRef = 07A6F712164E76BE0009CFDD /* SongListViewController.xib */; };
		07A82BA116513EAC0037115C /* SongInfoCellView.m in Sources */ = {isa = PBXBuildFile; fileRef = 07A82BA016513EAC0037115C /* SongInfoCellView.m */; };
		07B79DFE1652A0080068D54E /* DefaultAlbum.png in Resources */ = {isa = PBXBuildFile; fileRef = 07B79DFD1652A0080068D54E /* DefaultAlbum.png */; };
		07B79E011652A0870068D54E /* DownloadButton.png in Resources */ = {isa = PBXBuildFile; fileRef = 07B79E001652A0870068D54E /* DownloadButton.png */; };
		07B79E031652A1420068D54E /* StopDownload.png in Resources */ = {isa = PBXBuildFile; fileRef = 07B79E021652A1420068D54E /* StopDownload.png */; };
		07B79E051652A6B70068D54E /* OpenFolder.png in Resources */ = {isa = PBXBuildFile; fileRef = 07B79E041652A6B70068D54E /* OpenFolder.png */; };
/* End PBXBuildFile section */

/* Begin PBXFileReference section */
		071A8243164E2BC0004F1697 /* favicon_48x48.png */ = {isa = PBXFileReference; lastKnownFileType = image.png; path = favicon_48x48.png; sourceTree = "<group>"; };
		071A8245164E2D23004F1697 /* UserLoginViewController.h */ = {isa = PBXFileReference; fileEncoding = 4; lastKnownFileType = sourcecode.c.h; path = UserLoginViewController.h; sourceTree = "<group>"; };
		071A8246164E2D23004F1697 /* UserLoginViewController.m */ = {isa = PBXFileReference; fileEncoding = 4; lastKnownFileType = sourcecode.c.objc; path = UserLoginViewController.m; sourceTree = "<group>"; };
		071A8247164E2D23004F1697 /* UserLoginViewController.xib */ = {isa = PBXFileReference; fileEncoding = 4; lastKnownFileType = file.xib; path = UserLoginViewController.xib; sourceTree = "<group>"; };
		071A824B164E48E1004F1697 /* SynthesizeSingleton.h */ = {isa = PBXFileReference; lastKnownFileType = sourcecode.c.h; path = SynthesizeSingleton.h; sourceTree = "<group>"; };
		0757D5A8164A99A1006CF0BE /* ASICacheDelegate.h */ = {isa = PBXFileReference; fileEncoding = 4; lastKnownFileType = sourcecode.c.h; path = ASICacheDelegate.h; sourceTree = "<group>"; };
		0757D5A9164A99A1006CF0BE /* ASIDataCompressor.h */ = {isa = PBXFileReference; fileEncoding = 4; lastKnownFileType = sourcecode.c.h; path = ASIDataCompressor.h; sourceTree = "<group>"; };
		0757D5AA164A99A1006CF0BE /* ASIDataCompressor.m */ = {isa = PBXFileReference; fileEncoding = 4; lastKnownFileType = sourcecode.c.objc; path = ASIDataCompressor.m; sourceTree = "<group>"; };
		0757D5AB164A99A1006CF0BE /* ASIDataDecompressor.h */ = {isa = PBXFileReference; fileEncoding = 4; lastKnownFileType = sourcecode.c.h; path = ASIDataDecompressor.h; sourceTree = "<group>"; };
		0757D5AC164A99A1006CF0BE /* ASIDataDecompressor.m */ = {isa = PBXFileReference; fileEncoding = 4; lastKnownFileType = sourcecode.c.objc; path = ASIDataDecompressor.m; sourceTree = "<group>"; };
		0757D5AD164A99A1006CF0BE /* ASIDownloadCache.h */ = {isa = PBXFileReference; fileEncoding = 4; lastKnownFileType = sourcecode.c.h; path = ASIDownloadCache.h; sourceTree = "<group>"; };
		0757D5AE164A99A1006CF0BE /* ASIDownloadCache.m */ = {isa = PBXFileReference; fileEncoding = 4; lastKnownFileType = sourcecode.c.objc; path = ASIDownloadCache.m; sourceTree = "<group>"; };
		0757D5AF164A99A1006CF0BE /* ASIFormDataRequest.h */ = {isa = PBXFileReference; fileEncoding = 4; lastKnownFileType = sourcecode.c.h; path = ASIFormDataRequest.h; sourceTree = "<group>"; };
		0757D5B0164A99A1006CF0BE /* ASIFormDataRequest.m */ = {isa = PBXFileReference; fileEncoding = 4; lastKnownFileType = sourcecode.c.objc; path = ASIFormDataRequest.m; sourceTree = "<group>"; };
		0757D5B1164A99A1006CF0BE /* ASIHTTPRequest.h */ = {isa = PBXFileReference; fileEncoding = 4; lastKnownFileType = sourcecode.c.h; path = ASIHTTPRequest.h; sourceTree = "<group>"; };
		0757D5B2164A99A1006CF0BE /* ASIHTTPRequest.m */ = {isa = PBXFileReference; fileEncoding = 4; lastKnownFileType = sourcecode.c.objc; path = ASIHTTPRequest.m; sourceTree = "<group>"; };
		0757D5B3164A99A1006CF0BE /* ASIHTTPRequestConfig.h */ = {isa = PBXFileReference; fileEncoding = 4; lastKnownFileType = sourcecode.c.h; path = ASIHTTPRequestConfig.h; sourceTree = "<group>"; };
		0757D5B4164A99A1006CF0BE /* ASIHTTPRequestDelegate.h */ = {isa = PBXFileReference; fileEncoding = 4; lastKnownFileType = sourcecode.c.h; path = ASIHTTPRequestDelegate.h; sourceTree = "<group>"; };
		0757D5B5164A99A1006CF0BE /* ASIInputStream.h */ = {isa = PBXFileReference; fileEncoding = 4; lastKnownFileType = sourcecode.c.h; path = ASIInputStream.h; sourceTree = "<group>"; };
		0757D5B6164A99A1006CF0BE /* ASIInputStream.m */ = {isa = PBXFileReference; fileEncoding = 4; lastKnownFileType = sourcecode.c.objc; path = ASIInputStream.m; sourceTree = "<group>"; };
		0757D5B7164A99A1006CF0BE /* ASINetworkQueue.h */ = {isa = PBXFileReference; fileEncoding = 4; lastKnownFileType = sourcecode.c.h; path = ASINetworkQueue.h; sourceTree = "<group>"; };
		0757D5B8164A99A1006CF0BE /* ASINetworkQueue.m */ = {isa = PBXFileReference; fileEncoding = 4; lastKnownFileType = sourcecode.c.objc; path = ASINetworkQueue.m; sourceTree = "<group>"; };
		0757D5B9164A99A1006CF0BE /* ASIProgressDelegate.h */ = {isa = PBXFileReference; fileEncoding = 4; lastKnownFileType = sourcecode.c.h; path = ASIProgressDelegate.h; sourceTree = "<group>"; };
		0757D5C5164A9A08006CF0BE /* libz.dylib */ = {isa = PBXFileReference; lastKnownFileType = "compiled.mach-o.dylib"; name = libz.dylib; path = usr/lib/libz.dylib; sourceTree = SDKROOT; };
		0757D5C8164A9B0E006CF0BE /* SystemConfiguration.framework */ = {isa = PBXFileReference; lastKnownFileType = wrapper.framework; name = SystemConfiguration.framework; path = System/Library/Frameworks/SystemConfiguration.framework; sourceTree = SDKROOT; };
		0757D5CA164A9B28006CF0BE /* CoreServices.framework */ = {isa = PBXFileReference; lastKnownFileType = wrapper.framework; name = CoreServices.framework; path = System/Library/Frameworks/CoreServices.framework; sourceTree = SDKROOT; };
		0757D5CD164AA778006CF0BE /* NSObject+SBJson.h */ = {isa = PBXFileReference; fileEncoding = 4; lastKnownFileType = sourcecode.c.h; path = "NSObject+SBJson.h"; sourceTree = "<group>"; };
		0757D5CE164AA778006CF0BE /* NSObject+SBJson.m */ = {isa = PBXFileReference; fileEncoding = 4; lastKnownFileType = sourcecode.c.objc; path = "NSObject+SBJson.m"; sourceTree = "<group>"; };
		0757D5CF164AA778006CF0BE /* SBJson.h */ = {isa = PBXFileReference; fileEncoding = 4; lastKnownFileType = sourcecode.c.h; path = SBJson.h; sourceTree = "<group>"; };
		0757D5D0164AA778006CF0BE /* SBJsonParser.h */ = {isa = PBXFileReference; fileEncoding = 4; lastKnownFileType = sourcecode.c.h; path = SBJsonParser.h; sourceTree = "<group>"; };
		0757D5D1164AA778006CF0BE /* SBJsonParser.m */ = {isa = PBXFileReference; fileEncoding = 4; lastKnownFileType = sourcecode.c.objc; path = SBJsonParser.m; sourceTree = "<group>"; };
		0757D5D2164AA778006CF0BE /* SBJsonStreamParser.h */ = {isa = PBXFileReference; fileEncoding = 4; lastKnownFileType = sourcecode.c.h; path = SBJsonStreamParser.h; sourceTree = "<group>"; };
		0757D5D3164AA778006CF0BE /* SBJsonStreamParser.m */ = {isa = PBXFileReference; fileEncoding = 4; lastKnownFileType = sourcecode.c.objc; path = SBJsonStreamParser.m; sourceTree = "<group>"; };
		0757D5D4164AA778006CF0BE /* SBJsonStreamParserAccumulator.h */ = {isa = PBXFileReference; fileEncoding = 4; lastKnownFileType = sourcecode.c.h; path = SBJsonStreamParserAccumulator.h; sourceTree = "<group>"; };
		0757D5D5164AA778006CF0BE /* SBJsonStreamParserAccumulator.m */ = {isa = PBXFileReference; fileEncoding = 4; lastKnownFileType = sourcecode.c.objc; path = SBJsonStreamParserAccumulator.m; sourceTree = "<group>"; };
		0757D5D6164AA778006CF0BE /* SBJsonStreamParserAdapter.h */ = {isa = PBXFileReference; fileEncoding = 4; lastKnownFileType = sourcecode.c.h; path = SBJsonStreamParserAdapter.h; sourceTree = "<group>"; };
		0757D5D7164AA778006CF0BE /* SBJsonStreamParserAdapter.m */ = {isa = PBXFileReference; fileEncoding = 4; lastKnownFileType = sourcecode.c.objc; path = SBJsonStreamParserAdapter.m; sourceTree = "<group>"; };
		0757D5D8164AA778006CF0BE /* SBJsonStreamParserState.h */ = {isa = PBXFileReference; fileEncoding = 4; lastKnownFileType = sourcecode.c.h; path = SBJsonStreamParserState.h; sourceTree = "<group>"; };
		0757D5D9164AA778006CF0BE /* SBJsonStreamParserState.m */ = {isa = PBXFileReference; fileEncoding = 4; lastKnownFileType = sourcecode.c.objc; path = SBJsonStreamParserState.m; sourceTree = "<group>"; };
		0757D5DA164AA778006CF0BE /* SBJsonStreamWriter.h */ = {isa = PBXFileReference; fileEncoding = 4; lastKnownFileType = sourcecode.c.h; path = SBJsonStreamWriter.h; sourceTree = "<group>"; };
		0757D5DB164AA778006CF0BE /* SBJsonStreamWriter.m */ = {isa = PBXFileReference; fileEncoding = 4; lastKnownFileType = sourcecode.c.objc; path = SBJsonStreamWriter.m; sourceTree = "<group>"; };
		0757D5DC164AA778006CF0BE /* SBJsonStreamWriterAccumulator.h */ = {isa = PBXFileReference; fileEncoding = 4; lastKnownFileType = sourcecode.c.h; path = SBJsonStreamWriterAccumulator.h; sourceTree = "<group>"; };
		0757D5DD164AA778006CF0BE /* SBJsonStreamWriterAccumulator.m */ = {isa = PBXFileReference; fileEncoding = 4; lastKnownFileType = sourcecode.c.objc; path = SBJsonStreamWriterAccumulator.m; sourceTree = "<group>"; };
		0757D5DE164AA778006CF0BE /* SBJsonStreamWriterState.h */ = {isa = PBXFileReference; fileEncoding = 4; lastKnownFileType = sourcecode.c.h; path = SBJsonStreamWriterState.h; sourceTree = "<group>"; };
		0757D5DF164AA778006CF0BE /* SBJsonStreamWriterState.m */ = {isa = PBXFileReference; fileEncoding = 4; lastKnownFileType = sourcecode.c.objc; path = SBJsonStreamWriterState.m; sourceTree = "<group>"; };
		0757D5E0164AA778006CF0BE /* SBJsonTokeniser.h */ = {isa = PBXFileReference; fileEncoding = 4; lastKnownFileType = sourcecode.c.h; path = SBJsonTokeniser.h; sourceTree = "<group>"; };
		0757D5E1164AA778006CF0BE /* SBJsonTokeniser.m */ = {isa = PBXFileReference; fileEncoding = 4; lastKnownFileType = sourcecode.c.objc; path = SBJsonTokeniser.m; sourceTree = "<group>"; };
		0757D5E2164AA778006CF0BE /* SBJsonUTF8Stream.h */ = {isa = PBXFileReference; fileEncoding = 4; lastKnownFileType = sourcecode.c.h; path = SBJsonUTF8Stream.h; sourceTree = "<group>"; };
		0757D5E3164AA778006CF0BE /* SBJsonUTF8Stream.m */ = {isa = PBXFileReference; fileEncoding = 4; lastKnownFileType = sourcecode.c.objc; path = SBJsonUTF8Stream.m; sourceTree = "<group>"; };
		0757D5E4164AA778006CF0BE /* SBJsonWriter.h */ = {isa = PBXFileReference; fileEncoding = 4; lastKnownFileType = sourcecode.c.h; path = SBJsonWriter.h; sourceTree = "<group>"; };
		0757D5E5164AA778006CF0BE /* SBJsonWriter.m */ = {isa = PBXFileReference; fileEncoding = 4; lastKnownFileType = sourcecode.c.objc; path = SBJsonWriter.m; sourceTree = "<group>"; };
		077848A7164EAE32008A9F34 /* DownloadViewController.h */ = {isa = PBXFileReference; fileEncoding = 4; lastKnownFileType = sourcecode.c.h; path = DownloadViewController.h; sourceTree = "<group>"; };
		077848A8164EAE32008A9F34 /* DownloadViewController.m */ = {isa = PBXFileReference; fileEncoding = 4; lastKnownFileType = sourcecode.c.objc; path = DownloadViewController.m; sourceTree = "<group>"; };
		077848A9164EAE32008A9F34 /* DownloadViewController.xib */ = {isa = PBXFileReference; fileEncoding = 4; lastKnownFileType = file.xib; path = DownloadViewController.xib; sourceTree = "<group>"; };
		0796964D1647556F00842CB5 /* dbMusicDown.app */ = {isa = PBXFileReference; explicitFileType = wrapper.application; includeInIndex = 0; path = dbMusicDown.app; sourceTree = BUILT_PRODUCTS_DIR; };
		079696511647556F00842CB5 /* Cocoa.framework */ = {isa = PBXFileReference; lastKnownFileType = wrapper.framework; name = Cocoa.framework; path = System/Library/Frameworks/Cocoa.framework; sourceTree = SDKROOT; };
		079696541647556F00842CB5 /* AppKit.framework */ = {isa = PBXFileReference; lastKnownFileType = wrapper.framework; name = AppKit.framework; path = System/Library/Frameworks/AppKit.framework; sourceTree = SDKROOT; };
		079696551647556F00842CB5 /* CoreData.framework */ = {isa = PBXFileReference; lastKnownFileType = wrapper.framework; name = CoreData.framework; path = System/Library/Frameworks/CoreData.framework; sourceTree = SDKROOT; };
		079696561647556F00842CB5 /* Foundation.framework */ = {isa = PBXFileReference; lastKnownFileType = wrapper.framework; name = Foundation.framework; path = System/Library/Frameworks/Foundation.framework; sourceTree = SDKROOT; };
		079696591647556F00842CB5 /* dbMusicDown-Info.plist */ = {isa = PBXFileReference; lastKnownFileType = text.plist.xml; path = "dbMusicDown-Info.plist"; sourceTree = "<group>"; };
		0796965B1647556F00842CB5 /* en */ = {isa = PBXFileReference; lastKnownFileType = text.plist.strings; name = en; path = en.lproj/InfoPlist.strings; sourceTree = "<group>"; };
		0796965D1647556F00842CB5 /* main.m */ = {isa = PBXFileReference; lastKnownFileType = sourcecode.c.objc; path = main.m; sourceTree = "<group>"; };
		0796965F1647556F00842CB5 /* dbMusicDown-Prefix.pch */ = {isa = PBXFileReference; lastKnownFileType = sourcecode.c.h; path = "dbMusicDown-Prefix.pch"; sourceTree = "<group>"; };
		079696611647556F00842CB5 /* en */ = {isa = PBXFileReference; lastKnownFileType = text.rtf; name = en; path = en.lproj/Credits.rtf; sourceTree = "<group>"; };
		079696631647556F00842CB5 /* AppDelegate.h */ = {isa = PBXFileReference; lastKnownFileType = sourcecode.c.h; path = AppDelegate.h; sourceTree = "<group>"; };
		079696641647556F00842CB5 /* AppDelegate.m */ = {isa = PBXFileReference; lastKnownFileType = sourcecode.c.objc; path = AppDelegate.m; sourceTree = "<group>"; };
		079696671647556F00842CB5 /* en */ = {isa = PBXFileReference; lastKnownFileType = file.xib; name = en; path = en.lproj/MainMenu.xib; sourceTree = "<group>"; };
		07998647164B3E0400332D2D /* dbMusicDown-Info.plist */ = {isa = PBXFileReference; fileEncoding = 4; lastKnownFileType = text.plist.xml; path = "dbMusicDown-Info.plist"; sourceTree = "<group>"; };
		07998650164B96E400332D2D /* dbLikelistFetch.h */ = {isa = PBXFileReference; fileEncoding = 4; lastKnownFileType = sourcecode.c.h; path = dbLikelistFetch.h; sourceTree = "<group>"; };
		07998651164B96E400332D2D /* dbLikelistFetch.m */ = {isa = PBXFileReference; fileEncoding = 4; lastKnownFileType = sourcecode.c.objc; path = dbLikelistFetch.m; sourceTree = "<group>"; };
		07A6F70A164E6E180009CFDD /* UserInfoViewController.h */ = {isa = PBXFileReference; fileEncoding = 4; lastKnownFileType = sourcecode.c.h; path = UserInfoViewController.h; sourceTree = "<group>"; };
		07A6F70B164E6E180009CFDD /* UserInfoViewController.m */ = {isa = PBXFileReference; fileEncoding = 4; lastKnownFileType = sourcecode.c.objc; path = UserInfoViewController.m; sourceTree = "<group>"; };
		07A6F70C164E6E180009CFDD /* UserInfoViewController.xib */ = {isa = PBXFileReference; fileEncoding = 4; lastKnownFileType = file.xib; path = UserInfoViewController.xib; sourceTree = "<group>"; };
		07A6F710164E76BE0009CFDD /* SongListViewController.h */ = {isa = PBXFileReference; fileEncoding = 4; lastKnownFileType = sourcecode.c.h; path = SongListViewController.h; sourceTree = "<group>"; };
		07A6F711164E76BE0009CFDD /* SongListViewController.m */ = {isa = PBXFileReference; fileEncoding = 4; lastKnownFileType = sourcecode.c.objc; path = SongListViewController.m; sourceTree = "<group>"; };
		07A6F712164E76BE0009CFDD /* SongListViewController.xib */ = {isa = PBXFileReference; fileEncoding = 4; lastKnownFileType = file.xib; path = SongListViewController.xib; sourceTree = "<group>"; };
		07A82B9F16513EAC0037115C /* SongInfoCellView.h */ = {isa = PBXFileReference; fileEncoding = 4; lastKnownFileType = sourcecode.c.h; path = SongInfoCellView.h; sourceTree = "<group>"; };
		07A82BA016513EAC0037115C /* SongInfoCellView.m */ = {isa = PBXFileReference; fileEncoding = 4; lastKnownFileType = sourcecode.c.objc; path = SongInfoCellView.m; sourceTree = "<group>"; };
		07B79DFD1652A0080068D54E /* DefaultAlbum.png */ = {isa = PBXFileReference; lastKnownFileType = image.png; path = DefaultAlbum.png; sourceTree = "<group>"; };
		07B79E001652A0870068D54E /* DownloadButton.png */ = {isa = PBXFileReference; lastKnownFileType = image.png; path = DownloadButton.png; sourceTree = "<group>"; };
		07B79E021652A1420068D54E /* StopDownload.png */ = {isa = PBXFileReference; lastKnownFileType = image.png; path = StopDownload.png; sourceTree = "<group>"; };
		07B79E041652A6B70068D54E /* OpenFolder.png */ = {isa = PBXFileReference; lastKnownFileType = image.png; path = OpenFolder.png; sourceTree = "<group>"; };
/* End PBXFileReference section */

/* Begin PBXFrameworksBuildPhase section */
		0796964A1647556F00842CB5 /* Frameworks */ = {
			isa = PBXFrameworksBuildPhase;
			buildActionMask = 2147483647;
			files = (
				0757D5CB164A9B28006CF0BE /* CoreServices.framework in Frameworks */,
				0757D5C9164A9B0E006CF0BE /* SystemConfiguration.framework in Frameworks */,
				0757D5C7164A9A8C006CF0BE /* Foundation.framework in Frameworks */,
				0757D5C6164A9A08006CF0BE /* libz.dylib in Frameworks */,
				079696521647556F00842CB5 /* Cocoa.framework in Frameworks */,
			);
			runOnlyForDeploymentPostprocessing = 0;
		};
/* End PBXFrameworksBuildPhase section */

/* Begin PBXGroup section */
		071A824A164E2D2C004F1697 /* UserLogin */ = {
			isa = PBXGroup;
			children = (
				071A8245164E2D23004F1697 /* UserLoginViewController.h */,
				071A8246164E2D23004F1697 /* UserLoginViewController.m */,
				071A8247164E2D23004F1697 /* UserLoginViewController.xib */,
			);
			name = UserLogin;
			sourceTree = "<group>";
		};
		0757D5A5164A99A1006CF0BE /* ASIHttpRequest */ = {
			isa = PBXGroup;
			children = (
				0757D5A8164A99A1006CF0BE /* ASICacheDelegate.h */,
				0757D5A9164A99A1006CF0BE /* ASIDataCompressor.h */,
				0757D5AA164A99A1006CF0BE /* ASIDataCompressor.m */,
				0757D5AB164A99A1006CF0BE /* ASIDataDecompressor.h */,
				0757D5AC164A99A1006CF0BE /* ASIDataDecompressor.m */,
				0757D5AD164A99A1006CF0BE /* ASIDownloadCache.h */,
				0757D5AE164A99A1006CF0BE /* ASIDownloadCache.m */,
				0757D5AF164A99A1006CF0BE /* ASIFormDataRequest.h */,
				0757D5B0164A99A1006CF0BE /* ASIFormDataRequest.m */,
				0757D5B1164A99A1006CF0BE /* ASIHTTPRequest.h */,
				0757D5B2164A99A1006CF0BE /* ASIHTTPRequest.m */,
				0757D5B3164A99A1006CF0BE /* ASIHTTPRequestConfig.h */,
				0757D5B4164A99A1006CF0BE /* ASIHTTPRequestDelegate.h */,
				0757D5B5164A99A1006CF0BE /* ASIInputStream.h */,
				0757D5B6164A99A1006CF0BE /* ASIInputStream.m */,
				0757D5B7164A99A1006CF0BE /* ASINetworkQueue.h */,
				0757D5B8164A99A1006CF0BE /* ASINetworkQueue.m */,
				0757D5B9164A99A1006CF0BE /* ASIProgressDelegate.h */,
			);
			path = ASIHttpRequest;
			sourceTree = "<group>";
		};
		0757D5CC164AA778006CF0BE /* SBJson */ = {
			isa = PBXGroup;
			children = (
				0757D5CD164AA778006CF0BE /* NSObject+SBJson.h */,
				0757D5CE164AA778006CF0BE /* NSObject+SBJson.m */,
				0757D5CF164AA778006CF0BE /* SBJson.h */,
				0757D5D0164AA778006CF0BE /* SBJsonParser.h */,
				0757D5D1164AA778006CF0BE /* SBJsonParser.m */,
				0757D5D2164AA778006CF0BE /* SBJsonStreamParser.h */,
				0757D5D3164AA778006CF0BE /* SBJsonStreamParser.m */,
				0757D5D4164AA778006CF0BE /* SBJsonStreamParserAccumulator.h */,
				0757D5D5164AA778006CF0BE /* SBJsonStreamParserAccumulator.m */,
				0757D5D6164AA778006CF0BE /* SBJsonStreamParserAdapter.h */,
				0757D5D7164AA778006CF0BE /* SBJsonStreamParserAdapter.m */,
				0757D5D8164AA778006CF0BE /* SBJsonStreamParserState.h */,
				0757D5D9164AA778006CF0BE /* SBJsonStreamParserState.m */,
				0757D5DA164AA778006CF0BE /* SBJsonStreamWriter.h */,
				0757D5DB164AA778006CF0BE /* SBJsonStreamWriter.m */,
				0757D5DC164AA778006CF0BE /* SBJsonStreamWriterAccumulator.h */,
				0757D5DD164AA778006CF0BE /* SBJsonStreamWriterAccumulator.m */,
				0757D5DE164AA778006CF0BE /* SBJsonStreamWriterState.h */,
				0757D5DF164AA778006CF0BE /* SBJsonStreamWriterState.m */,
				0757D5E0164AA778006CF0BE /* SBJsonTokeniser.h */,
				0757D5E1164AA778006CF0BE /* SBJsonTokeniser.m */,
				0757D5E2164AA778006CF0BE /* SBJsonUTF8Stream.h */,
				0757D5E3164AA778006CF0BE /* SBJsonUTF8Stream.m */,
				0757D5E4164AA778006CF0BE /* SBJsonWriter.h */,
				0757D5E5164AA778006CF0BE /* SBJsonWriter.m */,
			);
			path = SBJson;
			sourceTree = "<group>";
		};
		079696421647556F00842CB5 = {
			isa = PBXGroup;
			children = (
				0757D5CC164AA778006CF0BE /* SBJson */,
				0757D5A5164A99A1006CF0BE /* ASIHttpRequest */,
				079696571647556F00842CB5 /* dbMusicDown */,
				079696501647556F00842CB5 /* Frameworks */,
				0796964E1647556F00842CB5 /* Products */,
			);
			sourceTree = "<group>";
		};
		0796964E1647556F00842CB5 /* Products */ = {
			isa = PBXGroup;
			children = (
				0796964D1647556F00842CB5 /* dbMusicDown.app */,
			);
			name = Products;
			sourceTree = "<group>";
		};
		079696501647556F00842CB5 /* Frameworks */ = {
			isa = PBXGroup;
			children = (
				079696511647556F00842CB5 /* Cocoa.framework */,
				079696531647556F00842CB5 /* Other Frameworks */,
			);
			name = Frameworks;
			sourceTree = "<group>";
		};
		079696531647556F00842CB5 /* Other Frameworks */ = {
			isa = PBXGroup;
			children = (
				0757D5CA164A9B28006CF0BE /* CoreServices.framework */,
				0757D5C8164A9B0E006CF0BE /* SystemConfiguration.framework */,
				0757D5C5164A9A08006CF0BE /* libz.dylib */,
				079696541647556F00842CB5 /* AppKit.framework */,
				079696551647556F00842CB5 /* CoreData.framework */,
				079696561647556F00842CB5 /* Foundation.framework */,
			);
			name = "Other Frameworks";
			sourceTree = "<group>";
		};
		079696571647556F00842CB5 /* dbMusicDown */ = {
			isa = PBXGroup;
			children = (
				07A6F718164EA8120009CFDD /* Download */,
				07A6F70F164E76330009CFDD /* SongList */,
				07A6F709164E6DF90009CFDD /* UserInfo */,
				071A824A164E2D2C004F1697 /* UserLogin */,
				07998650164B96E400332D2D /* dbLikelistFetch.h */,
				07998651164B96E400332D2D /* dbLikelistFetch.m */,
				071A824B164E48E1004F1697 /* SynthesizeSingleton.h */,
				07998647164B3E0400332D2D /* dbMusicDown-Info.plist */,
				079696631647556F00842CB5 /* AppDelegate.h */,
				079696641647556F00842CB5 /* AppDelegate.m */,
				079696661647556F00842CB5 /* MainMenu.xib */,
				079696581647556F00842CB5 /* Supporting Files */,
			);
			path = dbMusicDown;
			sourceTree = "<group>";
		};
		079696581647556F00842CB5 /* Supporting Files */ = {
			isa = PBXGroup;
			children = (
				07B79E021652A1420068D54E /* StopDownload.png */,
				07B79E041652A6B70068D54E /* OpenFolder.png */,
				07B79DFD1652A0080068D54E /* DefaultAlbum.png */,
				07B79E001652A0870068D54E /* DownloadButton.png */,
				071A8243164E2BC0004F1697 /* favicon_48x48.png */,
				079696591647556F00842CB5 /* dbMusicDown-Info.plist */,
				0796965A1647556F00842CB5 /* InfoPlist.strings */,
				0796965D1647556F00842CB5 /* main.m */,
				0796965F1647556F00842CB5 /* dbMusicDown-Prefix.pch */,
				079696601647556F00842CB5 /* Credits.rtf */,
			);
			name = "Supporting Files";
			sourceTree = "<group>";
		};
		07A6F709164E6DF90009CFDD /* UserInfo */ = {
			isa = PBXGroup;
			children = (
				07A6F70A164E6E180009CFDD /* UserInfoViewController.h */,
				07A6F70B164E6E180009CFDD /* UserInfoViewController.m */,
				07A6F70C164E6E180009CFDD /* UserInfoViewController.xib */,
			);
			name = UserInfo;
			sourceTree = "<group>";
		};
		07A6F70F164E76330009CFDD /* SongList */ = {
			isa = PBXGroup;
			children = (
				07A6F710164E76BE0009CFDD /* SongListViewController.h */,
				07A6F711164E76BE0009CFDD /* SongListViewController.m */,
				07A6F712164E76BE0009CFDD /* SongListViewController.xib */,
				07A82B9F16513EAC0037115C /* SongInfoCellView.h */,
				07A82BA016513EAC0037115C /* SongInfoCellView.m */,
			);
			name = SongList;
			sourceTree = "<group>";
		};
		07A6F718164EA8120009CFDD /* Download */ = {
			isa = PBXGroup;
			children = (
				077848A7164EAE32008A9F34 /* DownloadViewController.h */,
				077848A8164EAE32008A9F34 /* DownloadViewController.m */,
				077848A9164EAE32008A9F34 /* DownloadViewController.xib */,
			);
			name = Download;
			sourceTree = "<group>";
		};
/* End PBXGroup section */

/* Begin PBXNativeTarget section */
		0796964C1647556F00842CB5 /* dbMusicDown */ = {
			isa = PBXNativeTarget;
			buildConfigurationList = 0796966B1647556F00842CB5 /* Build configuration list for PBXNativeTarget "dbMusicDown" */;
			buildPhases = (
				079696491647556F00842CB5 /* Sources */,
				0796964A1647556F00842CB5 /* Frameworks */,
				0796964B1647556F00842CB5 /* Resources */,
			);
			buildRules = (
			);
			dependencies = (
			);
			name = dbMusicDown;
			productName = dbMusicDown;
			productReference = 0796964D1647556F00842CB5 /* dbMusicDown.app */;
			productType = "com.apple.product-type.application";
		};
/* End PBXNativeTarget section */

/* Begin PBXProject section */
		079696441647556F00842CB5 /* Project object */ = {
			isa = PBXProject;
			attributes = {
				LastUpgradeCheck = 0450;
				ORGANIZATIONNAME = Eric.C;
			};
			buildConfigurationList = 079696471647556F00842CB5 /* Build configuration list for PBXProject "dbMusicDown" */;
			compatibilityVersion = "Xcode 3.2";
			developmentRegion = English;
			hasScannedForEncodings = 0;
			knownRegions = (
				en,
			);
			mainGroup = 079696421647556F00842CB5;
			productRefGroup = 0796964E1647556F00842CB5 /* Products */;
			projectDirPath = "";
			projectRoot = "";
			targets = (
				0796964C1647556F00842CB5 /* dbMusicDown */,
			);
		};
/* End PBXProject section */

/* Begin PBXResourcesBuildPhase section */
		0796964B1647556F00842CB5 /* Resources */ = {
			isa = PBXResourcesBuildPhase;
			buildActionMask = 2147483647;
			files = (
				0796965C1647556F00842CB5 /* InfoPlist.strings in Resources */,
				079696621647556F00842CB5 /* Credits.rtf in Resources */,
				079696681647556F00842CB5 /* MainMenu.xib in Resources */,
				071A8244164E2BC0004F1697 /* favicon_48x48.png in Resources */,
				071A8249164E2D23004F1697 /* UserLoginViewController.xib in Resources */,
				07A6F70E164E6E180009CFDD /* UserInfoViewController.xib in Resources */,
				07A6F714164E76BE0009CFDD /* SongListViewController.xib in Resources */,
				077848AB164EAE32008A9F34 /* DownloadViewController.xib in Resources */,
				07B79DFE1652A0080068D54E /* DefaultAlbum.png in Resources */,
				07B79E011652A0870068D54E /* DownloadButton.png in Resources */,
				07B79E031652A1420068D54E /* StopDownload.png in Resources */,
				07B79E051652A6B70068D54E /* OpenFolder.png in Resources */,
			);
			runOnlyForDeploymentPostprocessing = 0;
		};
/* End PBXResourcesBuildPhase section */

/* Begin PBXSourcesBuildPhase section */
		079696491647556F00842CB5 /* Sources */ = {
			isa = PBXSourcesBuildPhase;
			buildActionMask = 2147483647;
			files = (
				0796965E1647556F00842CB5 /* main.m in Sources */,
				079696651647556F00842CB5 /* AppDelegate.m in Sources */,
				0757D5BB164A99A1006CF0BE /* ASIDataCompressor.m in Sources */,
				0757D5BC164A99A1006CF0BE /* ASIDataDecompressor.m in Sources */,
				0757D5BD164A99A1006CF0BE /* ASIDownloadCache.m in Sources */,
				0757D5BE164A99A1006CF0BE /* ASIFormDataRequest.m in Sources */,
				0757D5BF164A99A1006CF0BE /* ASIHTTPRequest.m in Sources */,
				0757D5C0164A99A1006CF0BE /* ASIInputStream.m in Sources */,
				0757D5C1164A99A1006CF0BE /* ASINetworkQueue.m in Sources */,
				0757D5E6164AA778006CF0BE /* NSObject+SBJson.m in Sources */,
				0757D5E7164AA778006CF0BE /* SBJsonParser.m in Sources */,
				0757D5E8164AA778006CF0BE /* SBJsonStreamParser.m in Sources */,
				0757D5E9164AA778006CF0BE /* SBJsonStreamParserAccumulator.m in Sources */,
				0757D5EA164AA778006CF0BE /* SBJsonStreamParserAdapter.m in Sources */,
				0757D5EB164AA778006CF0BE /* SBJsonStreamParserState.m in Sources */,
				0757D5EC164AA778006CF0BE /* SBJsonStreamWriter.m in Sources */,
				0757D5ED164AA778006CF0BE /* SBJsonStreamWriterAccumulator.m in Sources */,
				0757D5EE164AA778006CF0BE /* SBJsonStreamWriterState.m in Sources */,
				0757D5EF164AA778006CF0BE /* SBJsonTokeniser.m in Sources */,
				0757D5F0164AA778006CF0BE /* SBJsonUTF8Stream.m in Sources */,
				0757D5F1164AA778006CF0BE /* SBJsonWriter.m in Sources */,
				07998652164B96E400332D2D /* dbLikelistFetch.m in Sources */,
				071A8248164E2D23004F1697 /* UserLoginViewController.m in Sources */,
				07A6F70D164E6E180009CFDD /* UserInfoViewController.m in Sources */,
				07A6F713164E76BE0009CFDD /* SongListViewController.m in Sources */,
				077848AA164EAE32008A9F34 /* DownloadViewController.m in Sources */,
				07A82BA116513EAC0037115C /* SongInfoCellView.m in Sources */,
			);
			runOnlyForDeploymentPostprocessing = 0;
		};
/* End PBXSourcesBuildPhase section */

/* Begin PBXVariantGroup section */
		0796965A1647556F00842CB5 /* InfoPlist.strings */ = {
			isa = PBXVariantGroup;
			children = (
				0796965B1647556F00842CB5 /* en */,
			);
			name = InfoPlist.strings;
			sourceTree = "<group>";
		};
		079696601647556F00842CB5 /* Credits.rtf */ = {
			isa = PBXVariantGroup;
			children = (
				079696611647556F00842CB5 /* en */,
			);
			name = Credits.rtf;
			sourceTree = "<group>";
		};
		079696661647556F00842CB5 /* MainMenu.xib */ = {
			isa = PBXVariantGroup;
			children = (
				079696671647556F00842CB5 /* en */,
			);
			name = MainMenu.xib;
			sourceTree = "<group>";
		};
/* End PBXVariantGroup section */

/* Begin XCBuildConfiguration section */
		079696691647556F00842CB5 /* Debug */ = {
			isa = XCBuildConfiguration;
			buildSettings = {
				ALWAYS_SEARCH_USER_PATHS = NO;
				ARCHS = "$(ARCHS_STANDARD_64_BIT)";
				CLANG_CXX_LANGUAGE_STANDARD = "gnu++0x";
				CLANG_CXX_LIBRARY = "libc++";
				CLANG_WARN_EMPTY_BODY = YES;
				CLANG_WARN__DUPLICATE_METHOD_MATCH = YES;
				COPY_PHASE_STRIP = NO;
				GCC_C_LANGUAGE_STANDARD = gnu99;
				GCC_DYNAMIC_NO_PIC = NO;
				GCC_ENABLE_OBJC_EXCEPTIONS = YES;
				GCC_OPTIMIZATION_LEVEL = 0;
				GCC_PREPROCESSOR_DEFINITIONS = (
					"DEBUG=1",
					"$(inherited)",
				);
				GCC_SYMBOLS_PRIVATE_EXTERN = NO;
				GCC_WARN_64_TO_32_BIT_CONVERSION = YES;
				GCC_WARN_ABOUT_RETURN_TYPE = YES;
				GCC_WARN_UNINITIALIZED_AUTOS = YES;
				GCC_WARN_UNUSED_VARIABLE = YES;
				MACOSX_DEPLOYMENT_TARGET = 10.8;
				ONLY_ACTIVE_ARCH = YES;
				SDKROOT = macosx;
			};
			name = Debug;
		};
		0796966A1647556F00842CB5 /* Release */ = {
			isa = XCBuildConfiguration;
			buildSettings = {
				ALWAYS_SEARCH_USER_PATHS = NO;
				ARCHS = "$(ARCHS_STANDARD_64_BIT)";
				CLANG_CXX_LANGUAGE_STANDARD = "gnu++0x";
				CLANG_CXX_LIBRARY = "libc++";
				CLANG_WARN_EMPTY_BODY = YES;
				CLANG_WARN__DUPLICATE_METHOD_MATCH = YES;
				COPY_PHASE_STRIP = YES;
				DEBUG_INFORMATION_FORMAT = "dwarf-with-dsym";
				GCC_C_LANGUAGE_STANDARD = gnu99;
				GCC_ENABLE_OBJC_EXCEPTIONS = YES;
				GCC_WARN_64_TO_32_BIT_CONVERSION = YES;
				GCC_WARN_ABOUT_RETURN_TYPE = YES;
				GCC_WARN_UNINITIALIZED_AUTOS = YES;
				GCC_WARN_UNUSED_VARIABLE = YES;
				MACOSX_DEPLOYMENT_TARGET = 10.8;
				SDKROOT = macosx;
			};
			name = Release;
		};
		0796966C1647556F00842CB5 /* Debug */ = {
			isa = XCBuildConfiguration;
			buildSettings = {
				COMBINE_HIDPI_IMAGES = YES;
				GCC_PRECOMPILE_PREFIX_HEADER = YES;
				GCC_PREFIX_HEADER = "dbMusicDown/dbMusicDown-Prefix.pch";
				INFOPLIST_FILE = "dbMusicDown/dbMusicDown-Info.plist";
				PRODUCT_NAME = "$(TARGET_NAME)";
				WRAPPER_EXTENSION = app;
			};
			name = Debug;
		};
		0796966D1647556F00842CB5 /* Release */ = {
			isa = XCBuildConfiguration;
			buildSettings = {
				COMBINE_HIDPI_IMAGES = YES;
				GCC_PRECOMPILE_PREFIX_HEADER = YES;
				GCC_PREFIX_HEADER = "dbMusicDown/dbMusicDown-Prefix.pch";
				INFOPLIST_FILE = "dbMusicDown/dbMusicDown-Info.plist";
				PRODUCT_NAME = "$(TARGET_NAME)";
				WRAPPER_EXTENSION = app;
			};
			name = Release;
		};
/* End XCBuildConfiguration section */

/* Begin XCConfigurationList section */
		079696471647556F00842CB5 /* Build configuration list for PBXProject "dbMusicDown" */ = {
			isa = XCConfigurationList;
			buildConfigurations = (
				079696691647556F00842CB5 /* Debug */,
				0796966A1647556F00842CB5 /* Release */,
			);
			defaultConfigurationIsVisible = 0;
			defaultConfigurationName = Release;
		};
		0796966B1647556F00842CB5 /* Build configuration list for PBXNativeTarget "dbMusicDown" */ = {
			isa = XCConfigurationList;
			buildConfigurations = (
				0796966C1647556F00842CB5 /* Debug */,
				0796966D1647556F00842CB5 /* Release */,
			);
			defaultConfigurationIsVisible = 0;
			defaultConfigurationName = Release;
		};
/* End XCConfigurationList section */
	};
	rootObject = 079696441647556F00842CB5 /* Project object */;
}
